
Microsoft Visual Studio Solution File, Format Version 12.00
# Visual Studio Version 16
VisualStudioVersion = 16.0.29806.167
MinimumVisualStudioVersion = 10.0.40219.1
Project("{FAE04EC0-301F-11D3-BF4B-00C04F79EFBC}") = "Proyecto_1", "Proyecto_1\Proyecto_1.csproj", "{4B2299B0-CB4D-47F1-84E7-AE203BB15800}"
EndProject
Global
	GlobalSection(SolutionConfigurationPlatforms) = preSolution
		Debug|Any CPU = Debug|Any CPU
		Release|Any CPU = Release|Any CPU
	EndGlobalSection
	GlobalSection(ProjectConfigurationPlatforms) = postSolution
		{4B2299B0-CB4D-47F1-84E7-AE203BB15800}.Debug|Any CPU.ActiveCfg = Debug|Any CPU
		{4B2299B0-CB4D-47F1-84E7-AE203BB15800}.Debug|Any CPU.Build.0 = Debug|Any CPU
		{4B2299B0-CB4D-47F1-84E7-AE203BB15800}.Release|Any CPU.ActiveCfg = Release|Any CPU
		{4B2299B0-CB4D-47F1-84E7-AE203BB15800}.Release|Any CPU.Build.0 = Release|Any CPU
	EndGlobalSection
	GlobalSection(SolutionProperties) = preSolution
		HideSolutionNode = FALSE
	EndGlobalSection
	GlobalSection(ExtensibilityGlobals) = postSolution
		SolutionGuid = {28DD555A-DE34-40C9-8BC5-393E9FA1951F}
	EndGlobalSection
EndGlobal
